
Microsoft Visual Studio Solution File, Format Version 12.00
# Visual Studio 15
VisualStudioVersion = 15.0.27130.2027
MinimumVisualStudioVersion = 10.0.40219.1
Project("{FAE04EC0-301F-11D3-BF4B-00C04F79EFBC}") = "Genetic Pathfinder", "Genetic Pathfinder\Genetic Pathfinder.csproj", "{4BCD1B24-AD4B-4378-980B-12771E66B335}"
EndProject
Project("{FAE04EC0-301F-11D3-BF4B-00C04F79EFBC}") = "PathfinderUnitTestProject", "PathfinderUnitTestProject\PathfinderUnitTestProject.csproj", "{276FB65E-CD26-421A-BBB8-07D7F6B56DCD}"
EndProject
Global
	GlobalSection(SolutionConfigurationPlatforms) = preSolution
		Debug|Any CPU = Debug|Any CPU
		Release|Any CPU = Release|Any CPU
	EndGlobalSection
	GlobalSection(ProjectConfigurationPlatforms) = postSolution
		{4BCD1B24-AD4B-4378-980B-12771E66B335}.Debug|Any CPU.ActiveCfg = Debug|Any CPU
		{4BCD1B24-AD4B-4378-980B-12771E66B335}.Debug|Any CPU.Build.0 = Debug|Any CPU
		{4BCD1B24-AD4B-4378-980B-12771E66B335}.Release|Any CPU.ActiveCfg = Release|Any CPU
		{4BCD1B24-AD4B-4378-980B-12771E66B335}.Release|Any CPU.Build.0 = Release|Any CPU
		{276FB65E-CD26-421A-BBB8-07D7F6B56DCD}.Debug|Any CPU.ActiveCfg = Debug|Any CPU
		{276FB65E-CD26-421A-BBB8-07D7F6B56DCD}.Debug|Any CPU.Build.0 = Debug|Any CPU
		{276FB65E-CD26-421A-BBB8-07D7F6B56DCD}.Release|Any CPU.ActiveCfg = Release|Any CPU
		{276FB65E-CD26-421A-BBB8-07D7F6B56DCD}.Release|Any CPU.Build.0 = Release|Any CPU
	EndGlobalSection
	GlobalSection(SolutionProperties) = preSolution
		HideSolutionNode = FALSE
	EndGlobalSection
	GlobalSection(ExtensibilityGlobals) = postSolution
		SolutionGuid = {1546BA7D-BAC3-4D5D-8730-5A3480CC2556}
	EndGlobalSection
EndGlobal
